
Microsoft Visual Studio Solution File, Format Version 12.00
# Visual Studio 15
VisualStudioVersion = 15.0.28010.2046
MinimumVisualStudioVersion = 10.0.40219.1
Project("{FAE04EC0-301F-11D3-BF4B-00C04F79EFBC}") = "MP.ReportingServices", "..\MP Libs\MP.ReportingServices\MP.ReportingServices\MP.ReportingServices.csproj", "{8FF1F5B7-5085-424B-86AE-7FA267F2DFDE}"
EndProject
Project("{FAE04EC0-301F-11D3-BF4B-00C04F79EFBC}") = "MP.ReportingServices.ConsoleTest", "..\MP Libs\MP.ReportingServices\MP.ReportingServices.ConsoleTest\MP.ReportingServices.ConsoleTest.csproj", "{51E918DA-1D8D-4DCE-932C-E2D59DB4ED59}"
EndProject
Project("{9A19103F-16F7-4668-BE54-9A1E7A4F7556}") = "MP.EMAIL", "..\MP Libs\MP.EMAIL\MP.EMAIL\MP.EMAIL.csproj", "{E360FF41-47C7-40A3-9A3E-71E78F24DBA8}"
EndProject
Project("{FAE04EC0-301F-11D3-BF4B-00C04F79EFBC}") = "MP.EMAIL.ConsoleTest", "..\MP Libs\MP.EMAIL\MP.EMAIL.ConsoleTest\MP.EMAIL.ConsoleTest.csproj", "{2EA4925B-AEAA-4A73-9961-E2D2A31E919B}"
EndProject
Global
	GlobalSection(SolutionConfigurationPlatforms) = preSolution
		Debug|Any CPU = Debug|Any CPU
		Release|Any CPU = Release|Any CPU
	EndGlobalSection
	GlobalSection(ProjectConfigurationPlatforms) = postSolution
		{8FF1F5B7-5085-424B-86AE-7FA267F2DFDE}.Debug|Any CPU.ActiveCfg = Debug|Any CPU
		{8FF1F5B7-5085-424B-86AE-7FA267F2DFDE}.Debug|Any CPU.Build.0 = Debug|Any CPU
		{8FF1F5B7-5085-424B-86AE-7FA267F2DFDE}.Release|Any CPU.ActiveCfg = Release|Any CPU
		{8FF1F5B7-5085-424B-86AE-7FA267F2DFDE}.Release|Any CPU.Build.0 = Release|Any CPU
		{51E918DA-1D8D-4DCE-932C-E2D59DB4ED59}.Debug|Any CPU.ActiveCfg = Debug|Any CPU
		{51E918DA-1D8D-4DCE-932C-E2D59DB4ED59}.Debug|Any CPU.Build.0 = Debug|Any CPU
		{51E918DA-1D8D-4DCE-932C-E2D59DB4ED59}.Release|Any CPU.ActiveCfg = Release|Any CPU
		{51E918DA-1D8D-4DCE-932C-E2D59DB4ED59}.Release|Any CPU.Build.0 = Release|Any CPU
		{E360FF41-47C7-40A3-9A3E-71E78F24DBA8}.Debug|Any CPU.ActiveCfg = Debug|Any CPU
		{E360FF41-47C7-40A3-9A3E-71E78F24DBA8}.Debug|Any CPU.Build.0 = Debug|Any CPU
		{E360FF41-47C7-40A3-9A3E-71E78F24DBA8}.Release|Any CPU.ActiveCfg = Release|Any CPU
		{E360FF41-47C7-40A3-9A3E-71E78F24DBA8}.Release|Any CPU.Build.0 = Release|Any CPU
		{2EA4925B-AEAA-4A73-9961-E2D2A31E919B}.Debug|Any CPU.ActiveCfg = Debug|Any CPU
		{2EA4925B-AEAA-4A73-9961-E2D2A31E919B}.Debug|Any CPU.Build.0 = Debug|Any CPU
		{2EA4925B-AEAA-4A73-9961-E2D2A31E919B}.Release|Any CPU.ActiveCfg = Release|Any CPU
		{2EA4925B-AEAA-4A73-9961-E2D2A31E919B}.Release|Any CPU.Build.0 = Release|Any CPU
	EndGlobalSection
	GlobalSection(SolutionProperties) = preSolution
		HideSolutionNode = FALSE
	EndGlobalSection
	GlobalSection(ExtensibilityGlobals) = postSolution
		SolutionGuid = {9B467776-4612-44F8-A9CD-E7E65E5F7492}
	EndGlobalSection
EndGlobal
