
Microsoft Visual Studio Solution File, Format Version 12.00
# Visual Studio 15
VisualStudioVersion = 15.0.28010.2046
MinimumVisualStudioVersion = 10.0.40219.1
Project("{FAE04EC0-301F-11D3-BF4B-00C04F79EFBC}") = "MP.EMAIL", "MP.EMAIL\MP.EMAIL.csproj", "{C6F1C660-AB4F-47AA-8120-22AC7A43C740}"
EndProject
Project("{FAE04EC0-301F-11D3-BF4B-00C04F79EFBC}") = "MP.EMAIL.ConsoleTest", "MP.EMAIL.ConsoleTest\MP.EMAIL.ConsoleTest.csproj", "{2EA4925B-AEAA-4A73-9961-E2D2A31E919B}"
EndProject
Global
	GlobalSection(SolutionConfigurationPlatforms) = preSolution
		Debug|Any CPU = Debug|Any CPU
		Release|Any CPU = Release|Any CPU
	EndGlobalSection
	GlobalSection(ProjectConfigurationPlatforms) = postSolution
		{C6F1C660-AB4F-47AA-8120-22AC7A43C740}.Debug|Any CPU.ActiveCfg = Debug|Any CPU
		{C6F1C660-AB4F-47AA-8120-22AC7A43C740}.Debug|Any CPU.Build.0 = Debug|Any CPU
		{C6F1C660-AB4F-47AA-8120-22AC7A43C740}.Release|Any CPU.ActiveCfg = Release|Any CPU
		{C6F1C660-AB4F-47AA-8120-22AC7A43C740}.Release|Any CPU.Build.0 = Release|Any CPU
		{2EA4925B-AEAA-4A73-9961-E2D2A31E919B}.Debug|Any CPU.ActiveCfg = Debug|Any CPU
		{2EA4925B-AEAA-4A73-9961-E2D2A31E919B}.Debug|Any CPU.Build.0 = Debug|Any CPU
		{2EA4925B-AEAA-4A73-9961-E2D2A31E919B}.Release|Any CPU.ActiveCfg = Release|Any CPU
		{2EA4925B-AEAA-4A73-9961-E2D2A31E919B}.Release|Any CPU.Build.0 = Release|Any CPU
	EndGlobalSection
	GlobalSection(SolutionProperties) = preSolution
		HideSolutionNode = FALSE
	EndGlobalSection
	GlobalSection(ExtensibilityGlobals) = postSolution
		SolutionGuid = {42FD9561-3E8B-4824-8EF9-B52ED0B4E377}
	EndGlobalSection
EndGlobal
